
Microsoft Visual Studio Solution File, Format Version 12.00
# Visual Studio Version 17
VisualStudioVersion = 17.4.33103.184
MinimumVisualStudioVersion = 10.0.40219.1
Project("{9A19103F-16F7-4668-BE54-9A1E7A4F7556}") = "CloudSync", "CloudSync\CloudSync.csproj", "{2738ED29-106D-4E05-8FD5-BA2FFFD1161C}"
EndProject
Project("{9A19103F-16F7-4668-BE54-9A1E7A4F7556}") = "CloudBox", "CloudBox\CloudBox.csproj", "{4AA3AA3C-A907-4680-9068-78024C7AD69B}"
EndProject
Project("{9A19103F-16F7-4668-BE54-9A1E7A4F7556}") = "EncryptedMessaging", "..\..\..\EncryptedMessaging\EncryptedMessaging\EncryptedMessaging.csproj", "{6E436234-C6C8-478E-ACD1-FDF4B4558BE2}"
EndProject
Project("{9A19103F-16F7-4668-BE54-9A1E7A4F7556}") = "CommunicationChannel", "..\..\..\EncryptedMessaging\CommunicationChannel\CommunicationChannel.csproj", "{AE5BEB27-69D3-4D58-9B71-9D5F6B3AED50}"
EndProject
Project("{9A19103F-16F7-4668-BE54-9A1E7A4F7556}") = "SecureStorage", "..\..\..\SecureStorage\SecureStorage.csproj", "{EA12BA31-31C7-4E1B-8BF6-1083DA087432}"
EndProject
Global
	GlobalSection(SolutionConfigurationPlatforms) = preSolution
		DEBUG_A|Any CPU = DEBUG_A|Any CPU
		DEBUG_ALI|Any CPU = DEBUG_ALI|Any CPU
		DEBUG_AND|Any CPU = DEBUG_AND|Any CPU
		DEBUG_B|Any CPU = DEBUG_B|Any CPU
		DEBUG_FAI|Any CPU = DEBUG_FAI|Any CPU
		DEBUG_MUS|Any CPU = DEBUG_MUS|Any CPU
		DEBUG_RAM_SOCIAL|Any CPU = DEBUG_RAM_SOCIAL|Any CPU
		DEBUG_RAM|Any CPU = DEBUG_RAM|Any CPU
		DEBUG_ZUB|Any CPU = DEBUG_ZUB|Any CPU
		Debug|Any CPU = Debug|Any CPU
		rDebug|Any CPU = rDebug|Any CPU
		Release|Any CPU = Release|Any CPU
	EndGlobalSection
	GlobalSection(ProjectConfigurationPlatforms) = postSolution
		{2738ED29-106D-4E05-8FD5-BA2FFFD1161C}.DEBUG_A|Any CPU.ActiveCfg = DEBUG_AND|Any CPU
		{2738ED29-106D-4E05-8FD5-BA2FFFD1161C}.DEBUG_A|Any CPU.Build.0 = DEBUG_AND|Any CPU
		{2738ED29-106D-4E05-8FD5-BA2FFFD1161C}.DEBUG_ALI|Any CPU.ActiveCfg = DEBUG_AND|Any CPU
		{2738ED29-106D-4E05-8FD5-BA2FFFD1161C}.DEBUG_ALI|Any CPU.Build.0 = DEBUG_AND|Any CPU
		{2738ED29-106D-4E05-8FD5-BA2FFFD1161C}.DEBUG_AND|Any CPU.ActiveCfg = DEBUG_AND|Any CPU
		{2738ED29-106D-4E05-8FD5-BA2FFFD1161C}.DEBUG_AND|Any CPU.Build.0 = DEBUG_AND|Any CPU
		{2738ED29-106D-4E05-8FD5-BA2FFFD1161C}.DEBUG_B|Any CPU.ActiveCfg = DEBUG_AND|Any CPU
		{2738ED29-106D-4E05-8FD5-BA2FFFD1161C}.DEBUG_B|Any CPU.Build.0 = DEBUG_AND|Any CPU
		{2738ED29-106D-4E05-8FD5-BA2FFFD1161C}.DEBUG_FAI|Any CPU.ActiveCfg = DEBUG_AND|Any CPU
		{2738ED29-106D-4E05-8FD5-BA2FFFD1161C}.DEBUG_FAI|Any CPU.Build.0 = DEBUG_AND|Any CPU
		{2738ED29-106D-4E05-8FD5-BA2FFFD1161C}.DEBUG_MUS|Any CPU.ActiveCfg = DEBUG_AND|Any CPU
		{2738ED29-106D-4E05-8FD5-BA2FFFD1161C}.DEBUG_MUS|Any CPU.Build.0 = DEBUG_AND|Any CPU
		{2738ED29-106D-4E05-8FD5-BA2FFFD1161C}.DEBUG_RAM_SOCIAL|Any CPU.ActiveCfg = DEBUG_AND|Any CPU
		{2738ED29-106D-4E05-8FD5-BA2FFFD1161C}.DEBUG_RAM_SOCIAL|Any CPU.Build.0 = DEBUG_AND|Any CPU
		{2738ED29-106D-4E05-8FD5-BA2FFFD1161C}.DEBUG_RAM|Any CPU.ActiveCfg = DEBUG_AND|Any CPU
		{2738ED29-106D-4E05-8FD5-BA2FFFD1161C}.DEBUG_RAM|Any CPU.Build.0 = DEBUG_AND|Any CPU
		{2738ED29-106D-4E05-8FD5-BA2FFFD1161C}.DEBUG_ZUB|Any CPU.ActiveCfg = DEBUG_AND|Any CPU
		{2738ED29-106D-4E05-8FD5-BA2FFFD1161C}.DEBUG_ZUB|Any CPU.Build.0 = DEBUG_AND|Any CPU
		{2738ED29-106D-4E05-8FD5-BA2FFFD1161C}.Debug|Any CPU.ActiveCfg = Debug|Any CPU
		{2738ED29-106D-4E05-8FD5-BA2FFFD1161C}.Debug|Any CPU.Build.0 = Debug|Any CPU
		{2738ED29-106D-4E05-8FD5-BA2FFFD1161C}.rDebug|Any CPU.ActiveCfg = Debug|Any CPU
		{2738ED29-106D-4E05-8FD5-BA2FFFD1161C}.rDebug|Any CPU.Build.0 = Debug|Any CPU
		{2738ED29-106D-4E05-8FD5-BA2FFFD1161C}.Release|Any CPU.ActiveCfg = Release|Any CPU
		{2738ED29-106D-4E05-8FD5-BA2FFFD1161C}.Release|Any CPU.Build.0 = Release|Any CPU
		{4AA3AA3C-A907-4680-9068-78024C7AD69B}.DEBUG_A|Any CPU.ActiveCfg = DEBUG_AND|Any CPU
		{4AA3AA3C-A907-4680-9068-78024C7AD69B}.DEBUG_A|Any CPU.Build.0 = DEBUG_AND|Any CPU
		{4AA3AA3C-A907-4680-9068-78024C7AD69B}.DEBUG_ALI|Any CPU.ActiveCfg = DEBUG_AND|Any CPU
		{4AA3AA3C-A907-4680-9068-78024C7AD69B}.DEBUG_ALI|Any CPU.Build.0 = DEBUG_AND|Any CPU
		{4AA3AA3C-A907-4680-9068-78024C7AD69B}.DEBUG_AND|Any CPU.ActiveCfg = DEBUG_AND|Any CPU
		{4AA3AA3C-A907-4680-9068-78024C7AD69B}.DEBUG_AND|Any CPU.Build.0 = DEBUG_AND|Any CPU
		{4AA3AA3C-A907-4680-9068-78024C7AD69B}.DEBUG_B|Any CPU.ActiveCfg = DEBUG_AND|Any CPU
		{4AA3AA3C-A907-4680-9068-78024C7AD69B}.DEBUG_B|Any CPU.Build.0 = DEBUG_AND|Any CPU
		{4AA3AA3C-A907-4680-9068-78024C7AD69B}.DEBUG_FAI|Any CPU.ActiveCfg = DEBUG_AND|Any CPU
		{4AA3AA3C-A907-4680-9068-78024C7AD69B}.DEBUG_FAI|Any CPU.Build.0 = DEBUG_AND|Any CPU
		{4AA3AA3C-A907-4680-9068-78024C7AD69B}.DEBUG_MUS|Any CPU.ActiveCfg = DEBUG_AND|Any CPU
		{4AA3AA3C-A907-4680-9068-78024C7AD69B}.DEBUG_MUS|Any CPU.Build.0 = DEBUG_AND|Any CPU
		{4AA3AA3C-A907-4680-9068-78024C7AD69B}.DEBUG_RAM_SOCIAL|Any CPU.ActiveCfg = DEBUG_AND|Any CPU
		{4AA3AA3C-A907-4680-9068-78024C7AD69B}.DEBUG_RAM_SOCIAL|Any CPU.Build.0 = DEBUG_AND|Any CPU
		{4AA3AA3C-A907-4680-9068-78024C7AD69B}.DEBUG_RAM|Any CPU.ActiveCfg = DEBUG_AND|Any CPU
		{4AA3AA3C-A907-4680-9068-78024C7AD69B}.DEBUG_RAM|Any CPU.Build.0 = DEBUG_AND|Any CPU
		{4AA3AA3C-A907-4680-9068-78024C7AD69B}.DEBUG_ZUB|Any CPU.ActiveCfg = DEBUG_AND|Any CPU
		{4AA3AA3C-A907-4680-9068-78024C7AD69B}.DEBUG_ZUB|Any CPU.Build.0 = DEBUG_AND|Any CPU
		{4AA3AA3C-A907-4680-9068-78024C7AD69B}.Debug|Any CPU.ActiveCfg = Debug|Any CPU
		{4AA3AA3C-A907-4680-9068-78024C7AD69B}.Debug|Any CPU.Build.0 = Debug|Any CPU
		{4AA3AA3C-A907-4680-9068-78024C7AD69B}.rDebug|Any CPU.ActiveCfg = Debug|Any CPU
		{4AA3AA3C-A907-4680-9068-78024C7AD69B}.rDebug|Any CPU.Build.0 = Debug|Any CPU
		{4AA3AA3C-A907-4680-9068-78024C7AD69B}.Release|Any CPU.ActiveCfg = Release|Any CPU
		{4AA3AA3C-A907-4680-9068-78024C7AD69B}.Release|Any CPU.Build.0 = Release|Any CPU
		{6E436234-C6C8-478E-ACD1-FDF4B4558BE2}.DEBUG_A|Any CPU.ActiveCfg = DEBUG_A|Any CPU
		{6E436234-C6C8-478E-ACD1-FDF4B4558BE2}.DEBUG_A|Any CPU.Build.0 = DEBUG_A|Any CPU
		{6E436234-C6C8-478E-ACD1-FDF4B4558BE2}.DEBUG_ALI|Any CPU.ActiveCfg = DEBUG_ALI|Any CPU
		{6E436234-C6C8-478E-ACD1-FDF4B4558BE2}.DEBUG_ALI|Any CPU.Build.0 = DEBUG_ALI|Any CPU
		{6E436234-C6C8-478E-ACD1-FDF4B4558BE2}.DEBUG_AND|Any CPU.ActiveCfg = DEBUG_AND|Any CPU
		{6E436234-C6C8-478E-ACD1-FDF4B4558BE2}.DEBUG_AND|Any CPU.Build.0 = DEBUG_AND|Any CPU
		{6E436234-C6C8-478E-ACD1-FDF4B4558BE2}.DEBUG_B|Any CPU.ActiveCfg = DEBUG_B|Any CPU
		{6E436234-C6C8-478E-ACD1-FDF4B4558BE2}.DEBUG_B|Any CPU.Build.0 = DEBUG_B|Any CPU
		{6E436234-C6C8-478E-ACD1-FDF4B4558BE2}.DEBUG_FAI|Any CPU.ActiveCfg = DEBUG_FAI|Any CPU
		{6E436234-C6C8-478E-ACD1-FDF4B4558BE2}.DEBUG_FAI|Any CPU.Build.0 = DEBUG_FAI|Any CPU
		{6E436234-C6C8-478E-ACD1-FDF4B4558BE2}.DEBUG_MUS|Any CPU.ActiveCfg = DEBUG_MUS|Any CPU
		{6E436234-C6C8-478E-ACD1-FDF4B4558BE2}.DEBUG_MUS|Any CPU.Build.0 = DEBUG_MUS|Any CPU
		{6E436234-C6C8-478E-ACD1-FDF4B4558BE2}.DEBUG_RAM_SOCIAL|Any CPU.ActiveCfg = DEBUG_RAM_SOCIAL|Any CPU
		{6E436234-C6C8-478E-ACD1-FDF4B4558BE2}.DEBUG_RAM_SOCIAL|Any CPU.Build.0 = DEBUG_RAM_SOCIAL|Any CPU
		{6E436234-C6C8-478E-ACD1-FDF4B4558BE2}.DEBUG_RAM|Any CPU.ActiveCfg = DEBUG_RAM|Any CPU
		{6E436234-C6C8-478E-ACD1-FDF4B4558BE2}.DEBUG_RAM|Any CPU.Build.0 = DEBUG_RAM|Any CPU
		{6E436234-C6C8-478E-ACD1-FDF4B4558BE2}.DEBUG_ZUB|Any CPU.ActiveCfg = DEBUG_ZUB|Any CPU
		{6E436234-C6C8-478E-ACD1-FDF4B4558BE2}.DEBUG_ZUB|Any CPU.Build.0 = DEBUG_ZUB|Any CPU
		{6E436234-C6C8-478E-ACD1-FDF4B4558BE2}.Debug|Any CPU.ActiveCfg = Debug|Any CPU
		{6E436234-C6C8-478E-ACD1-FDF4B4558BE2}.Debug|Any CPU.Build.0 = Debug|Any CPU
		{6E436234-C6C8-478E-ACD1-FDF4B4558BE2}.rDebug|Any CPU.ActiveCfg = rDebug|Any CPU
		{6E436234-C6C8-478E-ACD1-FDF4B4558BE2}.rDebug|Any CPU.Build.0 = rDebug|Any CPU
		{6E436234-C6C8-478E-ACD1-FDF4B4558BE2}.Release|Any CPU.ActiveCfg = Release|Any CPU
		{6E436234-C6C8-478E-ACD1-FDF4B4558BE2}.Release|Any CPU.Build.0 = Release|Any CPU
		{AE5BEB27-69D3-4D58-9B71-9D5F6B3AED50}.DEBUG_A|Any CPU.ActiveCfg = DEBUG_A|Any CPU
		{AE5BEB27-69D3-4D58-9B71-9D5F6B3AED50}.DEBUG_A|Any CPU.Build.0 = DEBUG_A|Any CPU
		{AE5BEB27-69D3-4D58-9B71-9D5F6B3AED50}.DEBUG_ALI|Any CPU.ActiveCfg = DEBUG_ALI|Any CPU
		{AE5BEB27-69D3-4D58-9B71-9D5F6B3AED50}.DEBUG_ALI|Any CPU.Build.0 = DEBUG_ALI|Any CPU
		{AE5BEB27-69D3-4D58-9B71-9D5F6B3AED50}.DEBUG_AND|Any CPU.ActiveCfg = DEBUG_AND|Any CPU
		{AE5BEB27-69D3-4D58-9B71-9D5F6B3AED50}.DEBUG_AND|Any CPU.Build.0 = DEBUG_AND|Any CPU
		{AE5BEB27-69D3-4D58-9B71-9D5F6B3AED50}.DEBUG_B|Any CPU.ActiveCfg = DEBUG_B|Any CPU
		{AE5BEB27-69D3-4D58-9B71-9D5F6B3AED50}.DEBUG_B|Any CPU.Build.0 = DEBUG_B|Any CPU
		{AE5BEB27-69D3-4D58-9B71-9D5F6B3AED50}.DEBUG_FAI|Any CPU.ActiveCfg = DEBUG_FAI|Any CPU
		{AE5BEB27-69D3-4D58-9B71-9D5F6B3AED50}.DEBUG_FAI|Any CPU.Build.0 = DEBUG_FAI|Any CPU
		{AE5BEB27-69D3-4D58-9B71-9D5F6B3AED50}.DEBUG_MUS|Any CPU.ActiveCfg = DEBUG_MUS|Any CPU
		{AE5BEB27-69D3-4D58-9B71-9D5F6B3AED50}.DEBUG_MUS|Any CPU.Build.0 = DEBUG_MUS|Any CPU
		{AE5BEB27-69D3-4D58-9B71-9D5F6B3AED50}.DEBUG_RAM_SOCIAL|Any CPU.ActiveCfg = DEBUG_RAM_SOCIAL|Any CPU
		{AE5BEB27-69D3-4D58-9B71-9D5F6B3AED50}.DEBUG_RAM_SOCIAL|Any CPU.Build.0 = DEBUG_RAM_SOCIAL|Any CPU
		{AE5BEB27-69D3-4D58-9B71-9D5F6B3AED50}.DEBUG_RAM|Any CPU.ActiveCfg = DEBUG_RAM|Any CPU
		{AE5BEB27-69D3-4D58-9B71-9D5F6B3AED50}.DEBUG_RAM|Any CPU.Build.0 = DEBUG_RAM|Any CPU
		{AE5BEB27-69D3-4D58-9B71-9D5F6B3AED50}.DEBUG_ZUB|Any CPU.ActiveCfg = DEBUG_ZUB|Any CPU
		{AE5BEB27-69D3-4D58-9B71-9D5F6B3AED50}.DEBUG_ZUB|Any CPU.Build.0 = DEBUG_ZUB|Any CPU
		{AE5BEB27-69D3-4D58-9B71-9D5F6B3AED50}.Debug|Any CPU.ActiveCfg = Debug|Any CPU
		{AE5BEB27-69D3-4D58-9B71-9D5F6B3AED50}.Debug|Any CPU.Build.0 = Debug|Any CPU
		{AE5BEB27-69D3-4D58-9B71-9D5F6B3AED50}.rDebug|Any CPU.ActiveCfg = rDebug|Any CPU
		{AE5BEB27-69D3-4D58-9B71-9D5F6B3AED50}.rDebug|Any CPU.Build.0 = rDebug|Any CPU
		{AE5BEB27-69D3-4D58-9B71-9D5F6B3AED50}.Release|Any CPU.ActiveCfg = Release|Any CPU
		{AE5BEB27-69D3-4D58-9B71-9D5F6B3AED50}.Release|Any CPU.Build.0 = Release|Any CPU
		{EA12BA31-31C7-4E1B-8BF6-1083DA087432}.DEBUG_A|Any CPU.ActiveCfg = DEBUG_A|Any CPU
		{EA12BA31-31C7-4E1B-8BF6-1083DA087432}.DEBUG_A|Any CPU.Build.0 = DEBUG_A|Any CPU
		{EA12BA31-31C7-4E1B-8BF6-1083DA087432}.DEBUG_ALI|Any CPU.ActiveCfg = DEBUG_ALI|Any CPU
		{EA12BA31-31C7-4E1B-8BF6-1083DA087432}.DEBUG_ALI|Any CPU.Build.0 = DEBUG_ALI|Any CPU
		{EA12BA31-31C7-4E1B-8BF6-1083DA087432}.DEBUG_AND|Any CPU.ActiveCfg = DEBUG_AND|Any CPU
		{EA12BA31-31C7-4E1B-8BF6-1083DA087432}.DEBUG_AND|Any CPU.Build.0 = DEBUG_AND|Any CPU
		{EA12BA31-31C7-4E1B-8BF6-1083DA087432}.DEBUG_B|Any CPU.ActiveCfg = DEBUG_B|Any CPU
		{EA12BA31-31C7-4E1B-8BF6-1083DA087432}.DEBUG_B|Any CPU.Build.0 = DEBUG_B|Any CPU
		{EA12BA31-31C7-4E1B-8BF6-1083DA087432}.DEBUG_FAI|Any CPU.ActiveCfg = DEBUG_FAI|Any CPU
		{EA12BA31-31C7-4E1B-8BF6-1083DA087432}.DEBUG_FAI|Any CPU.Build.0 = DEBUG_FAI|Any CPU
		{EA12BA31-31C7-4E1B-8BF6-1083DA087432}.DEBUG_MUS|Any CPU.ActiveCfg = DEBUG_MUS|Any CPU
		{EA12BA31-31C7-4E1B-8BF6-1083DA087432}.DEBUG_MUS|Any CPU.Build.0 = DEBUG_MUS|Any CPU
		{EA12BA31-31C7-4E1B-8BF6-1083DA087432}.DEBUG_RAM_SOCIAL|Any CPU.ActiveCfg = DEBUG_RAM_SOCIAL|Any CPU
		{EA12BA31-31C7-4E1B-8BF6-1083DA087432}.DEBUG_RAM_SOCIAL|Any CPU.Build.0 = DEBUG_RAM_SOCIAL|Any CPU
		{EA12BA31-31C7-4E1B-8BF6-1083DA087432}.DEBUG_RAM|Any CPU.ActiveCfg = DEBUG_RAM|Any CPU
		{EA12BA31-31C7-4E1B-8BF6-1083DA087432}.DEBUG_RAM|Any CPU.Build.0 = DEBUG_RAM|Any CPU
		{EA12BA31-31C7-4E1B-8BF6-1083DA087432}.DEBUG_ZUB|Any CPU.ActiveCfg = DEBUG_ZUB|Any CPU
		{EA12BA31-31C7-4E1B-8BF6-1083DA087432}.DEBUG_ZUB|Any CPU.Build.0 = DEBUG_ZUB|Any CPU
		{EA12BA31-31C7-4E1B-8BF6-1083DA087432}.Debug|Any CPU.ActiveCfg = Debug|Any CPU
		{EA12BA31-31C7-4E1B-8BF6-1083DA087432}.Debug|Any CPU.Build.0 = Debug|Any CPU
		{EA12BA31-31C7-4E1B-8BF6-1083DA087432}.rDebug|Any CPU.ActiveCfg = rDebug|Any CPU
		{EA12BA31-31C7-4E1B-8BF6-1083DA087432}.rDebug|Any CPU.Build.0 = rDebug|Any CPU
		{EA12BA31-31C7-4E1B-8BF6-1083DA087432}.Release|Any CPU.ActiveCfg = Release|Any CPU
		{EA12BA31-31C7-4E1B-8BF6-1083DA087432}.Release|Any CPU.Build.0 = Release|Any CPU
	EndGlobalSection
	GlobalSection(SolutionProperties) = preSolution
		HideSolutionNode = FALSE
	EndGlobalSection
	GlobalSection(ExtensibilityGlobals) = postSolution
		SolutionGuid = {7E8BF2DC-5EB4-44B6-9EFA-5030FA30154D}
	EndGlobalSection
EndGlobal
